
Microsoft Visual Studio Solution File, Format Version 12.00
# Visual Studio Version 16
VisualStudioVersion = 16.0.31729.503
MinimumVisualStudioVersion = 10.0.40219.1
Project("{9A19103F-16F7-4668-BE54-9A1E7A4F7556}") = "LearnDesignPattern", "LearnDesignPattern\LearnDesignPattern.csproj", "{D79A297D-BC46-4813-B0E8-A96521DE80D2}"
EndProject
Project("{9A19103F-16F7-4668-BE54-9A1E7A4F7556}") = "LearnAdapter", "LearnAdapter\LearnAdapter.csproj", "{B394F1B0-7001-4204-9477-80D9FA9288D9}"
EndProject
Project("{9A19103F-16F7-4668-BE54-9A1E7A4F7556}") = "LearnSingleton", "LearnSingleton\LearnSingleton.csproj", "{4CB870E7-58A7-4F07-8CED-3DDBBE7FBEC9}"
EndProject
Project("{9A19103F-16F7-4668-BE54-9A1E7A4F7556}") = "LearnObserver", "LearnObserver\LearnObserver.csproj", "{17097C8D-AB06-415D-8FA1-B53D9F4E5A61}"
EndProject
Project("{FAE04EC0-301F-11D3-BF4B-00C04F79EFBC}") = "LearnDecorator", "LearnDecorator\LearnDecorator.csproj", "{B8955E89-A015-4A06-8626-D7CA6326E4F4}"
EndProject
Project("{FAE04EC0-301F-11D3-BF4B-00C04F79EFBC}") = "LearnMemento", "LearnMemento\LearnMemento.csproj", "{AFC658C4-067C-4E13-B244-235C5C74BF01}"
EndProject
Global
	GlobalSection(SolutionConfigurationPlatforms) = preSolution
		Debug|Any CPU = Debug|Any CPU
		Release|Any CPU = Release|Any CPU
	EndGlobalSection
	GlobalSection(ProjectConfigurationPlatforms) = postSolution
		{D79A297D-BC46-4813-B0E8-A96521DE80D2}.Debug|Any CPU.ActiveCfg = Debug|Any CPU
		{D79A297D-BC46-4813-B0E8-A96521DE80D2}.Debug|Any CPU.Build.0 = Debug|Any CPU
		{D79A297D-BC46-4813-B0E8-A96521DE80D2}.Release|Any CPU.ActiveCfg = Release|Any CPU
		{D79A297D-BC46-4813-B0E8-A96521DE80D2}.Release|Any CPU.Build.0 = Release|Any CPU
		{B394F1B0-7001-4204-9477-80D9FA9288D9}.Debug|Any CPU.ActiveCfg = Debug|Any CPU
		{B394F1B0-7001-4204-9477-80D9FA9288D9}.Debug|Any CPU.Build.0 = Debug|Any CPU
		{B394F1B0-7001-4204-9477-80D9FA9288D9}.Release|Any CPU.ActiveCfg = Release|Any CPU
		{B394F1B0-7001-4204-9477-80D9FA9288D9}.Release|Any CPU.Build.0 = Release|Any CPU
		{4CB870E7-58A7-4F07-8CED-3DDBBE7FBEC9}.Debug|Any CPU.ActiveCfg = Debug|Any CPU
		{4CB870E7-58A7-4F07-8CED-3DDBBE7FBEC9}.Debug|Any CPU.Build.0 = Debug|Any CPU
		{4CB870E7-58A7-4F07-8CED-3DDBBE7FBEC9}.Release|Any CPU.ActiveCfg = Release|Any CPU
		{4CB870E7-58A7-4F07-8CED-3DDBBE7FBEC9}.Release|Any CPU.Build.0 = Release|Any CPU
		{17097C8D-AB06-415D-8FA1-B53D9F4E5A61}.Debug|Any CPU.ActiveCfg = Debug|Any CPU
		{17097C8D-AB06-415D-8FA1-B53D9F4E5A61}.Debug|Any CPU.Build.0 = Debug|Any CPU
		{17097C8D-AB06-415D-8FA1-B53D9F4E5A61}.Release|Any CPU.ActiveCfg = Release|Any CPU
		{17097C8D-AB06-415D-8FA1-B53D9F4E5A61}.Release|Any CPU.Build.0 = Release|Any CPU
		{B8955E89-A015-4A06-8626-D7CA6326E4F4}.Debug|Any CPU.ActiveCfg = Debug|Any CPU
		{B8955E89-A015-4A06-8626-D7CA6326E4F4}.Debug|Any CPU.Build.0 = Debug|Any CPU
		{B8955E89-A015-4A06-8626-D7CA6326E4F4}.Release|Any CPU.ActiveCfg = Release|Any CPU
		{B8955E89-A015-4A06-8626-D7CA6326E4F4}.Release|Any CPU.Build.0 = Release|Any CPU
		{AFC658C4-067C-4E13-B244-235C5C74BF01}.Debug|Any CPU.ActiveCfg = Debug|Any CPU
		{AFC658C4-067C-4E13-B244-235C5C74BF01}.Debug|Any CPU.Build.0 = Debug|Any CPU
		{AFC658C4-067C-4E13-B244-235C5C74BF01}.Release|Any CPU.ActiveCfg = Release|Any CPU
		{AFC658C4-067C-4E13-B244-235C5C74BF01}.Release|Any CPU.Build.0 = Release|Any CPU
	EndGlobalSection
	GlobalSection(SolutionProperties) = preSolution
		HideSolutionNode = FALSE
	EndGlobalSection
	GlobalSection(ExtensibilityGlobals) = postSolution
		SolutionGuid = {D4DED680-FA7C-49FB-B38B-86CC3BD41C26}
	EndGlobalSection
EndGlobal
